
Microsoft Visual Studio Solution File, Format Version 12.00
# Visual Studio Version 16
VisualStudioVersion = 16.0.31005.135
MinimumVisualStudioVersion = 10.0.40219.1
Project("{FAE04EC0-301F-11D3-BF4B-00C04F79EFBC}") = "MyDoggyNeeds", "MyDoggyNeeds\MyDoggyNeeds.csproj", "{BBE8BAC0-19E3-4BAE-9BAD-A1213F0CF99E}"
EndProject
Global
	GlobalSection(SolutionConfigurationPlatforms) = preSolution
		Debug|Any CPU = Debug|Any CPU
		Release|Any CPU = Release|Any CPU
	EndGlobalSection
	GlobalSection(ProjectConfigurationPlatforms) = postSolution
		{BBE8BAC0-19E3-4BAE-9BAD-A1213F0CF99E}.Debug|Any CPU.ActiveCfg = Debug|Any CPU
		{BBE8BAC0-19E3-4BAE-9BAD-A1213F0CF99E}.Debug|Any CPU.Build.0 = Debug|Any CPU
		{BBE8BAC0-19E3-4BAE-9BAD-A1213F0CF99E}.Release|Any CPU.ActiveCfg = Release|Any CPU
		{BBE8BAC0-19E3-4BAE-9BAD-A1213F0CF99E}.Release|Any CPU.Build.0 = Release|Any CPU
	EndGlobalSection
	GlobalSection(SolutionProperties) = preSolution
		HideSolutionNode = FALSE
	EndGlobalSection
	GlobalSection(ExtensibilityGlobals) = postSolution
		SolutionGuid = {8368841D-A373-4E6D-8CB1-2F827AC12040}
	EndGlobalSection
EndGlobal
